hash: a12a5c287bff3d632ed2bf19e5e8b73602b24ffb085726cc8350ac2b6e9a7fb4
updated: 2016-12-01T21:35:15.159016855-08:00
imports:
- name: github.com/dgrijalva/jwt-go
  version: 9ed569b5d1ac936e6494082958d63a6aa4fff99a
- name: github.com/docker/distribution
  version: c59995570762ec8ef1b1d5a0b147600622979cb1
  subpackages:
  - digest
  - reference
- name: github.com/docker/docker
  version: 1f9b3ef9e9c74c2905780ac5347d018646a20022
  subpackages:
  - api/types
  - api/types/blkiodev
  - api/types/container
  - api/types/events
  - api/types/filters
  - api/types/mount
  - api/types/network
  - api/types/reference
  - api/types/registry
  - api/types/strslice
  - api/types/swarm
  - api/types/time
  - api/types/versions
  - api/types/volume
  - client
  - pkg/tlsconfig
- name: github.com/docker/go-connections
  version: 4ccf312bf1d35e5dbda654e57a9be4c3f3cd0366
  subpackages:
  - nat
  - sockets
  - tlsconfig
- name: github.com/docker/go-units
  version: e30f1e79f3cd72542f2026ceec18d3bd67ab859c
- name: github.com/labstack/echo
  version: cd2530ea098106338b888f4fb66e966efa2fd75e
  subpackages:
  - middleware
- name: github.com/labstack/gommon
  version: 2d272df536d051e737aea353b86c979d6e88bce0
  subpackages:
  - bytes
  - color
  - log
  - random
- name: github.com/mattn/go-colorable
  version: d228849504861217f796da67fae4f6e347643f15
- name: github.com/mattn/go-isatty
  version: 30a891c33c7cde7b02a981314b4228ec99380cca
- name: github.com/Microsoft/go-winio
  version: 24a3e3d3fc7451805e09d11e11e95d9a0a4f205e
- name: github.com/miekg/dns
  version: 271c58e0c14f552178ea321a545ff9af38930f39
- name: github.com/opencontainers/runc
  version: 4271a8b5aec07d69f128df5474dea064d4694832
  subpackages:
  - libcontainer/user
- name: github.com/pkg/errors
  version: 248dadf4e9068a0b3e79f02ed0a610d935de5302
- name: github.com/rsc/letsencrypt
  version: 76104d26167d38b6a0010f42bfc8ec5487742e8b
- name: github.com/Sirupsen/logrus
  version: 55eb11d21d2a31a3cc93838241d04800f52e823d
  subpackages:
  - formatters/logstash
- name: github.com/tylerb/graceful
  version: 4df1190835320af7076dfcf27b3d071fd3612caf
- name: github.com/valyala/fasttemplate
  version: 3b874956e03f1636d171bda64b130f9135f42cff
- name: github.com/xenolf/lego
  version: cc94601612b43c3cf862a5ae5e2ec66fa5e64c89
  subpackages:
  - acme
- name: golang.org/x/crypto
  version: c10c31b5e94b6f7a0283272dc2bb27163dcea24b
  subpackages:
  - bcrypt
  - blowfish
  - ocsp
- name: golang.org/x/net
  version: 4876518f9e71663000c348837735820161a42df7
  subpackages:
  - context
  - context/ctxhttp
  - proxy
  - publicsuffix
- name: golang.org/x/sys
  version: d5645953809d8b4752afb2c3224b1f1ad73dfa70
  subpackages:
  - unix
  - windows
- name: golang.org/x/time
  version: a4bde12657593d5e90d0533a3e4fd95e635124cb
  subpackages:
  - rate
- name: gopkg.in/square/go-jose.v1
  version: aa2e30fdd1fe9dd3394119af66451ae790d50e0d
  subpackages:
  - cipher
  - json
testImports: []
